
Microsoft Visual Studio Solution File, Format Version 12.00
# Visual Studio Version 16
VisualStudioVersion = 16.0.35325.158
MinimumVisualStudioVersion = 10.0.40219.1
Project("{FAE04EC0-301F-11D3-BF4B-00C04F79EFBC}") = "Tesla CanToptan", "Tesla CanToptan\Tesla CanToptan.csproj", "{A69D6475-34AA-4ED2-97E1-2D018B8D0608}"
EndProject
Project("{840C416C-B8F3-42BC-B0DD-F6BB14C9F8CB}") = "setup", "setup\setup.aiproj", "{EDD008EE-C758-4F91-B830-B697D460CCDF}"
EndProject
Global
	GlobalSection(SolutionConfigurationPlatforms) = preSolution
		Debug|Any CPU = Debug|Any CPU
		DefaultBuild|Any CPU = DefaultBuild|Any CPU
		Release|Any CPU = Release|Any CPU
	EndGlobalSection
	GlobalSection(ProjectConfigurationPlatforms) = postSolution
		{A69D6475-34AA-4ED2-97E1-2D018B8D0608}.Debug|Any CPU.ActiveCfg = Debug|Any CPU
		{A69D6475-34AA-4ED2-97E1-2D018B8D0608}.Debug|Any CPU.Build.0 = Debug|Any CPU
		{A69D6475-34AA-4ED2-97E1-2D018B8D0608}.DefaultBuild|Any CPU.ActiveCfg = Debug|Any CPU
		{A69D6475-34AA-4ED2-97E1-2D018B8D0608}.DefaultBuild|Any CPU.Build.0 = Debug|Any CPU
		{A69D6475-34AA-4ED2-97E1-2D018B8D0608}.Release|Any CPU.ActiveCfg = Release|Any CPU
		{A69D6475-34AA-4ED2-97E1-2D018B8D0608}.Release|Any CPU.Build.0 = Release|Any CPU
		{EDD008EE-C758-4F91-B830-B697D460CCDF}.Debug|Any CPU.ActiveCfg = DefaultBuild
		{EDD008EE-C758-4F91-B830-B697D460CCDF}.Debug|Any CPU.Build.0 = DefaultBuild
		{EDD008EE-C758-4F91-B830-B697D460CCDF}.DefaultBuild|Any CPU.ActiveCfg = DefaultBuild
		{EDD008EE-C758-4F91-B830-B697D460CCDF}.DefaultBuild|Any CPU.Build.0 = DefaultBuild
		{EDD008EE-C758-4F91-B830-B697D460CCDF}.Release|Any CPU.ActiveCfg = DefaultBuild
		{EDD008EE-C758-4F91-B830-B697D460CCDF}.Release|Any CPU.Build.0 = DefaultBuild
	EndGlobalSection
	GlobalSection(SolutionProperties) = preSolution
		HideSolutionNode = FALSE
	EndGlobalSection
	GlobalSection(ExtensibilityGlobals) = postSolution
		SolutionGuid = {B2ABC920-6A86-4353-AE02-DDBA7CE4EAAA}
	EndGlobalSection
EndGlobal
